
Microsoft Visual Studio Solution File, Format Version 12.00
# Visual Studio Version 17
VisualStudioVersion = 17.3.32922.545
MinimumVisualStudioVersion = 10.0.40219.1
Project("{FAE04EC0-301F-11D3-BF4B-00C04F79EFBC}") = "Resume", "Resume.csproj", "{CF9B7EF6-5AEA-4CE8-943E-DF9C7F919146}"
EndProject
Global
	GlobalSection(SolutionConfigurationPlatforms) = preSolution
		Debug|Any CPU = Debug|Any CPU
		Release|Any CPU = Release|Any CPU
	EndGlobalSection
	GlobalSection(ProjectConfigurationPlatforms) = postSolution
		{CF9B7EF6-5AEA-4CE8-943E-DF9C7F919146}.Debug|Any CPU.ActiveCfg = Debug|Any CPU
		{CF9B7EF6-5AEA-4CE8-943E-DF9C7F919146}.Debug|Any CPU.Build.0 = Debug|Any CPU
		{CF9B7EF6-5AEA-4CE8-943E-DF9C7F919146}.Release|Any CPU.ActiveCfg = Release|Any CPU
		{CF9B7EF6-5AEA-4CE8-943E-DF9C7F919146}.Release|Any CPU.Build.0 = Release|Any CPU
	EndGlobalSection
	GlobalSection(SolutionProperties) = preSolution
		HideSolutionNode = FALSE
	EndGlobalSection
	GlobalSection(ExtensibilityGlobals) = postSolution
		SolutionGuid = {6FE85D4D-502C-4CE3-B286-22F70D881F8B}
	EndGlobalSection
EndGlobal
